<?xml version="1.0" encoding="UTF-8" standalone="yes" ?>
<CodeBlocks_project_file>
	<FileVersion major="1" minor="6" />
	<Project>
		<Option title="DeadlockAnalysis" />
		<Option pch_mode="2" />
		<Option compiler="gcc" />
		<MakeCommands>
			<Build command="" />
			<CompileFile command="" />
			<Clean command="" />
			<DistClean command="" />
			<AskRebuildNeeded command="" />
			<SilentBuild command=" &gt; $(CMD_NULL)" />
		</MakeCommands>
		<Build>
			<Target title="Debug">
				<Option output="bin/Debug/DeadlockAnalysis" prefix_auto="1" extension_auto="1" />
				<Option object_output="obj/Debug/" />
				<Option type="1" />
				<Option compiler="gnu_gcc_compiler3264bit_tdm-gcc-64" />
				<Option parameters="E:\SourceCode\DeadlockAnalysys\test.trc" />
				<Compiler>
					<Add option="-g" />
					<Add directory="include" />
				</Compiler>
			</Target>
			<Target title="Release">
				<Option output="bin/Release/DeadlockAnalysis" prefix_auto="1" extension_auto="1" />
				<Option object_output="obj/Release/" />
				<Option type="1" />
				<Option compiler="gcc" />
				<Option parameters="E:\SourceCode\DeadlockAnalysys\test.trc" />
				<Compiler>
					<Add option="-O2" />
					<Add directory="include" />
				</Compiler>
				<Linker>
					<Add option="-s" />
				</Linker>
			</Target>
		</Build>
		<Unit filename="include/oraBlockerWaiter.h" />
		<Unit filename="include/oraDeadlock.h" />
		<Unit filename="include/oraDeadlockReport.h" />
		<Unit filename="include/oraTraceFile.h" />
		<Unit filename="src/DeadlockAnalysis.cpp" />
		<Unit filename="src/oraBlockerWaiter.cpp" />
		<Unit filename="src/oraDeadlock.cpp" />
		<Unit filename="src/oraDeadlockReport.cpp" />
		<Unit filename="src/oraTraceFile.cpp" />
		<Extensions>
			<code_completion />
			<editor_config active="1" use_tabs="0" tab_indents="0" tab_width="4" indent="4" eol_mode="2" />
			<envvars />
			<debugger />
			<lib_finder disable_auto="1" />
		</Extensions>
	</Project>
</CodeBlocks_project_file>
